{
  "nodes": {
    "autoconf-nvim": {
      "flake": false,
      "locked": {
        "lastModified": 1773479777,
        "narHash": "sha256-Vlek/+mjxRJcIRXdXyRXokCfFCRSIr5nALbSvvd3OD8=",
        "owner": "OlegHQ",
        "repo": "autoconf.nvim",
        "rev": "a72d776981e25f3a6f84b49b7d442415e5e7714f",
        "type": "github"
      },
      "original": {
        "owner": "OlegHQ",
        "repo": "autoconf.nvim",
        "type": "github"
      }
    },
    "nixpkgs": {
      "locked": {
        "lastModified": 1773282481,
        "narHash": "sha256-b/GV2ysM8mKHhinse2wz+uP37epUrSE+sAKXy/xvBY4=",
        "owner": "NixOS",
        "repo": "nixpkgs",
        "rev": "fe416aaedd397cacb33a610b33d60ff2b431b127",
        "type": "github"
      },
      "original": {
        "owner": "NixOS",
        "ref": "nixos-unstable",
        "repo": "nixpkgs",
        "type": "github"
      }
    },
    "root": {
      "inputs": {
        "autoconf-nvim": "autoconf-nvim",
        "nixpkgs": "nixpkgs",
        "themekit-nvim": "themekit-nvim"
      }
    },
    "themekit-nvim": {
      "flake": false,
      "locked": {
        "lastModified": 1773479782,
        "narHash": "sha256-spowh05b91ztrbwabnOqy1VzABkXoNtwIrs9hApoRuQ=",
        "owner": "OlegHQ",
        "repo": "themekit.nvim",
        "rev": "1606b440ef5e41d4d1053d682c88cbc61a7cce38",
        "type": "github"
      },
      "original": {
        "owner": "OlegHQ",
        "repo": "themekit.nvim",
        "type": "github"
      }
    }
  },
  "root": "root",
  "version": 7
}
