{
  "nodes": {
    "autoconf-nvim": {
      "flake": false,
      "locked": {
        "lastModified": 1782289313,
        "narHash": "sha256-n5m93Xvz4ZdDY5vhACoOWybZMDnst7kd2HgUFdaUvF4=",
        "owner": "OlegHQ",
        "repo": "autoconf.nvim",
        "rev": "a012822c33f14a4e0edd45414d2f71fc736e50c7",
        "type": "github"
      },
      "original": {
        "owner": "OlegHQ",
        "repo": "autoconf.nvim",
        "type": "github"
      }
    },
    "nixpkgs": {
      "locked": {
        "lastModified": 1781577229,
        "narHash": "sha256-lrp67w8AulE9Ks53n27I45ADSzbOCn4H+CNW1Ck8B+8=",
        "owner": "NixOS",
        "repo": "nixpkgs",
        "rev": "567a49d1913ce81ac6e9582e3553dd90a955875f",
        "type": "github"
      },
      "original": {
        "owner": "NixOS",
        "ref": "nixos-unstable",
        "repo": "nixpkgs",
        "type": "github"
      }
    },
    "root": {
      "inputs": {
        "autoconf-nvim": "autoconf-nvim",
        "nixpkgs": "nixpkgs",
        "themekit-nvim": "themekit-nvim"
      }
    },
    "themekit-nvim": {
      "flake": false,
      "locked": {
        "lastModified": 1777464016,
        "narHash": "sha256-zLI296bXeLI+J6j1mz6uDRFBs97sMwhzQf2280LbIXE=",
        "owner": "OlegHQ",
        "repo": "themekit.nvim",
        "rev": "d023de449b4d906154975b3d180cfff70f75ba3c",
        "type": "github"
      },
      "original": {
        "owner": "OlegHQ",
        "repo": "themekit.nvim",
        "type": "github"
      }
    }
  },
  "root": "root",
  "version": 7
}
