{
  "nodes": {
    "autoconf-nvim": {
      "flake": false,
      "locked": {
        "lastModified": 1773517373,
        "narHash": "sha256-p/ugEH6TyC0RVKxsCUzvzs8n59fIcbh77jTMIA0ricA=",
        "owner": "OlegHQ",
        "repo": "autoconf.nvim",
        "rev": "549ee0cf0d45e6220c65ed2e4a68e74c4b1929f4",
        "type": "github"
      },
      "original": {
        "owner": "OlegHQ",
        "repo": "autoconf.nvim",
        "type": "github"
      }
    },
    "nixpkgs": {
      "locked": {
        "lastModified": 1773389992,
        "narHash": "sha256-wvfdLLWJ2I9oEpDd9PfMA8osfIZicoQ5MT1jIwNs9Tk=",
        "owner": "NixOS",
        "repo": "nixpkgs",
        "rev": "c06b4ae3d6599a672a6210b7021d699c351eebda",
        "type": "github"
      },
      "original": {
        "owner": "NixOS",
        "ref": "nixos-unstable",
        "repo": "nixpkgs",
        "type": "github"
      }
    },
    "root": {
      "inputs": {
        "autoconf-nvim": "autoconf-nvim",
        "nixpkgs": "nixpkgs",
        "themekit-nvim": "themekit-nvim"
      }
    },
    "themekit-nvim": {
      "flake": false,
      "locked": {
        "lastModified": 1773479782,
        "narHash": "sha256-spowh05b91ztrbwabnOqy1VzABkXoNtwIrs9hApoRuQ=",
        "owner": "OlegHQ",
        "repo": "themekit.nvim",
        "rev": "1606b440ef5e41d4d1053d682c88cbc61a7cce38",
        "type": "github"
      },
      "original": {
        "owner": "OlegHQ",
        "repo": "themekit.nvim",
        "type": "github"
      }
    }
  },
  "root": "root",
  "version": 7
}
